
Microsoft Visual Studio Solution File, Format Version 12.00
# Visual Studio Version 16
VisualStudioVersion = 16.0.33423.256
MinimumVisualStudioVersion = 10.0.40219.1
Project("{FAE04EC0-301F-11D3-BF4B-00C04F79EFBC}") = "Caro_Lợi", "Caro_Lợi\Caro_Lợi.csproj", "{ED66CE0E-6A1B-46DD-8227-3B06025F77DA}"
EndProject
Global
	GlobalSection(SolutionConfigurationPlatforms) = preSolution
		Debug|Any CPU = Debug|Any CPU
		Release|Any CPU = Release|Any CPU
	EndGlobalSection
	GlobalSection(ProjectConfigurationPlatforms) = postSolution
		{ED66CE0E-6A1B-46DD-8227-3B06025F77DA}.Debug|Any CPU.ActiveCfg = Debug|Any CPU
		{ED66CE0E-6A1B-46DD-8227-3B06025F77DA}.Debug|Any CPU.Build.0 = Debug|Any CPU
		{ED66CE0E-6A1B-46DD-8227-3B06025F77DA}.Release|Any CPU.ActiveCfg = Release|Any CPU
		{ED66CE0E-6A1B-46DD-8227-3B06025F77DA}.Release|Any CPU.Build.0 = Release|Any CPU
	EndGlobalSection
	GlobalSection(SolutionProperties) = preSolution
		HideSolutionNode = FALSE
	EndGlobalSection
	GlobalSection(ExtensibilityGlobals) = postSolution
		SolutionGuid = {BDA08C00-7A6D-4992-82C2-66AFEAC2E5B3}
	EndGlobalSection
EndGlobal
